
Microsoft Visual Studio Solution File, Format Version 12.00
# Visual Studio Version 16
VisualStudioVersion = 16.0.32802.440
MinimumVisualStudioVersion = 10.0.40219.1
Project("{FAE04EC0-301F-11D3-BF4B-00C04F79EFBC}") = "Shape_Drawer", "Shape_Drawer\Shape_Drawer.csproj", "{783A284D-0322-4F8D-8DEF-9FAAFBB92E66}"
EndProject
Global
	GlobalSection(SolutionConfigurationPlatforms) = preSolution
		Debug|Any CPU = Debug|Any CPU
		Release|Any CPU = Release|Any CPU
	EndGlobalSection
	GlobalSection(ProjectConfigurationPlatforms) = postSolution
		{783A284D-0322-4F8D-8DEF-9FAAFBB92E66}.Debug|Any CPU.ActiveCfg = Debug|Any CPU
		{783A284D-0322-4F8D-8DEF-9FAAFBB92E66}.Debug|Any CPU.Build.0 = Debug|Any CPU
		{783A284D-0322-4F8D-8DEF-9FAAFBB92E66}.Release|Any CPU.ActiveCfg = Release|Any CPU
		{783A284D-0322-4F8D-8DEF-9FAAFBB92E66}.Release|Any CPU.Build.0 = Release|Any CPU
	EndGlobalSection
	GlobalSection(SolutionProperties) = preSolution
		HideSolutionNode = FALSE
	EndGlobalSection
	GlobalSection(ExtensibilityGlobals) = postSolution
		SolutionGuid = {FC1A78A6-5289-4439-980B-6BFC68C0CAE0}
	EndGlobalSection
EndGlobal
